
Microsoft Visual Studio Solution File, Format Version 12.00
# Visual Studio Version 16
VisualStudioVersion = 16.0.30204.135
MinimumVisualStudioVersion = 10.0.40219.1
Project("{FAE04EC0-301F-11D3-BF4B-00C04F79EFBC}") = "IsTakipUygulamasi", "IsTakipUygulamasi\IsTakipUygulamasi.csproj", "{D2134F64-4884-47D4-B0DA-99715DAD3EAD}"
EndProject
Global
	GlobalSection(SolutionConfigurationPlatforms) = preSolution
		Debug|Any CPU = Debug|Any CPU
		Release|Any CPU = Release|Any CPU
	EndGlobalSection
	GlobalSection(ProjectConfigurationPlatforms) = postSolution
		{D2134F64-4884-47D4-B0DA-99715DAD3EAD}.Debug|Any CPU.ActiveCfg = Debug|Any CPU
		{D2134F64-4884-47D4-B0DA-99715DAD3EAD}.Debug|Any CPU.Build.0 = Debug|Any CPU
		{D2134F64-4884-47D4-B0DA-99715DAD3EAD}.Release|Any CPU.ActiveCfg = Release|Any CPU
		{D2134F64-4884-47D4-B0DA-99715DAD3EAD}.Release|Any CPU.Build.0 = Release|Any CPU
	EndGlobalSection
	GlobalSection(SolutionProperties) = preSolution
		HideSolutionNode = FALSE
	EndGlobalSection
	GlobalSection(ExtensibilityGlobals) = postSolution
		SolutionGuid = {1ABFA302-E3C1-43E1-91AD-B5AC60A85E68}
	EndGlobalSection
EndGlobal
